
Microsoft Visual Studio Solution File, Format Version 12.00
# Visual Studio Version 17
VisualStudioVersion = 17.0.31912.275
MinimumVisualStudioVersion = 10.0.40219.1
Project("{FAE04EC0-301F-11D3-BF4B-00C04F79EFBC}") = "SBP_TRACKER", "SBP_TRACKER\SBP_TRACKER.csproj", "{B7982149-2215-4D4D-9742-69AC026CC6CE}"
EndProject
Global
	GlobalSection(SolutionConfigurationPlatforms) = preSolution
		Debug|Any CPU = Debug|Any CPU
		Release|Any CPU = Release|Any CPU
	EndGlobalSection
	GlobalSection(ProjectConfigurationPlatforms) = postSolution
		{B7982149-2215-4D4D-9742-69AC026CC6CE}.Debug|Any CPU.ActiveCfg = Debug|Any CPU
		{B7982149-2215-4D4D-9742-69AC026CC6CE}.Debug|Any CPU.Build.0 = Debug|Any CPU
		{B7982149-2215-4D4D-9742-69AC026CC6CE}.Release|Any CPU.ActiveCfg = Release|Any CPU
		{B7982149-2215-4D4D-9742-69AC026CC6CE}.Release|Any CPU.Build.0 = Release|Any CPU
	EndGlobalSection
	GlobalSection(SolutionProperties) = preSolution
		HideSolutionNode = FALSE
	EndGlobalSection
	GlobalSection(ExtensibilityGlobals) = postSolution
		SolutionGuid = {7EF1F8B8-CEFD-47E0-A5C3-A0019AB028DA}
	EndGlobalSection
EndGlobal
